<?xml version="1.0" encoding="utf-8"?>
<Project ToolsVersion="4.0" xmlns="http://schemas.microsoft.com/developer/msbuild/2003">
  <ItemGroup>
    <Filter Include="ソース ファイル">
      <UniqueIdentifier>{4FC737F1-C7A5-4376-A066-2A32D752A2FF}</UniqueIdentifier>
      <Extensions>cpp;c;cc;cxx;def;odl;idl;hpj;bat;asm;asmx</Extensions>
    </Filter>
    <Filter Include="ヘッダー ファイル">
      <UniqueIdentifier>{93995380-89BD-4b04-88EB-625FBE52EBFB}</UniqueIdentifier>
      <Extensions>h;hh;hpp;hxx;hm;inl;inc;xsd</Extensions>
    </Filter>
    <Filter Include="リソース ファイル">
      <UniqueIdentifier>{67DA6AB6-F800-4c08-8B7A-83BB121AAD01}</UniqueIdentifier>
      <Extensions>rc;ico;cur;bmp;dlg;rc2;rct;bin;rgs;gif;jpg;jpeg;jpe;resx;tiff;tif;png;wav;mfcribbon-ms</Extensions>
    </Filter>
    <Filter Include="ライブラリ ファイル">
      <UniqueIdentifier>{a970247a-2e8d-4155-aab2-d5fe8fdc0bcd}</UniqueIdentifier>
    </Filter>
    <Filter Include="CSceneGameMain">
      <UniqueIdentifier>{e1cb80a8-74b5-4ed3-8c48-32697ee648bf}</UniqueIdentifier>
    </Filter>
    <Filter Include="CSceneTitle">
      <UniqueIdentifier>{b72391b8-3755-401a-8a53-76ff47ad0359}</UniqueIdentifier>
    </Filter>
    <Filter Include="CSceneDataSelect">
      <UniqueIdentifier>{aa267c4d-9f47-49d9-932b-28cab2916cb6}</UniqueIdentifier>
    </Filter>
    <Filter Include="CSceneStageSelect">
      <UniqueIdentifier>{4b2047ba-e52c-4b1c-a89c-047cdcbe447e}</UniqueIdentifier>
    </Filter>
    <Filter Include="テスト ファイル">
      <UniqueIdentifier>{bbe6a533-474e-47f0-b138-fb3b9b43098b}</UniqueIdentifier>
    </Filter>
    <Filter Include="CSceneGameMain\MelueruStageGimmick">
      <UniqueIdentifier>{cd23dd36-28aa-440c-8cec-ce23548dbc9d}</UniqueIdentifier>
    </Filter>
  </ItemGroup>
  <ItemGroup>
    <ClCompile Include="main.cpp">
      <Filter>ソース ファイル</Filter>
    </ClCompile>
    <ClCompile Include="Library\Audio.cpp">
      <Filter>ライブラリ ファイル</Filter>
    </ClCompile>
    <ClCompile Include="Library\DirectXDevice.cpp">
      <Filter>ライブラリ ファイル</Filter>
    </ClCompile>
    <ClCompile Include="Library\DrawFont.cpp">
      <Filter>ライブラリ ファイル</Filter>
    </ClCompile>
    <ClCompile Include="Library\DrawTexture.cpp">
      <Filter>ライブラリ ファイル</Filter>
    </ClCompile>
    <ClCompile Include="Library\HitBoxManager.cpp">
      <Filter>ライブラリ ファイル</Filter>
    </ClCompile>
    <ClCompile Include="Library\Library.cpp">
      <Filter>ライブラリ ファイル</Filter>
    </ClCompile>
    <ClCompile Include="Library\SceneManager.cpp">
      <Filter>ライブラリ ファイル</Filter>
    </ClCompile>
    <ClCompile Include="Library\SceneObjManager.cpp">
      <Filter>ライブラリ ファイル</Filter>
    </ClCompile>
    <ClCompile Include="Library\Trace.cpp">
      <Filter>ライブラリ ファイル</Filter>
    </ClCompile>
    <ClCompile Include="Library\UserData.cpp">
      <Filter>ライブラリ ファイル</Filter>
    </ClCompile>
    <ClCompile Include="Library\WinInputs.cpp">
      <Filter>ライブラリ ファイル</Filter>
    </ClCompile>
    <ClCompile Include="Library\Button.cpp">
      <Filter>ライブラリ ファイル</Filter>
    </ClCompile>
    <ClCompile Include="Library\CObjTest.cpp">
      <Filter>テスト ファイル</Filter>
    </ClCompile>
    <ClCompile Include="CSceneDataSelect.cpp">
      <Filter>CSceneDataSelect</Filter>
    </ClCompile>
    <ClCompile Include="CSceneTitle.cpp">
      <Filter>CSceneTitle</Filter>
    </ClCompile>
    <ClCompile Include="CObjTitle.cpp">
      <Filter>CSceneTitle</Filter>
    </ClCompile>
    <ClCompile Include="CSceneStageSelect.cpp">
      <Filter>CSceneStageSelect</Filter>
    </ClCompile>
    <ClCompile Include="CObjDataSelect.cpp">
      <Filter>CSceneDataSelect</Filter>
    </ClCompile>
    <ClCompile Include="CObjPlayer.cpp">
      <Filter>CSceneGameMain</Filter>
    </ClCompile>
    <ClCompile Include="CSceneGameMain.cpp">
      <Filter>CSceneGameMain</Filter>
    </ClCompile>
    <ClCompile Include="CObjPlayer.cpp">
      <Filter>CSceneGameMain</Filter>
    </ClCompile>
    <ClCompile Include="CSceneGameMain.cpp">
      <Filter>CSceneGameMain</Filter>
    </ClCompile>
    <ClCompile Include="CObjMenuTab.cpp">
      <Filter>CSceneStageSelect</Filter>
    </ClCompile>
    <ClCompile Include="ButtonPlayer.cpp">
      <Filter>ソース ファイル</Filter>
    </ClCompile>
    <ClCompile Include="ButtonStage.cpp">
      <Filter>ソース ファイル</Filter>
    </ClCompile>
    <ClCompile Include="CObjStageTab.cpp">
      <Filter>CSceneStageSelect</Filter>
    </ClCompile>
    <ClCompile Include="ButtonLScrollScreen.cpp">
      <Filter>CSceneGameMain</Filter>
    </ClCompile>
    <ClCompile Include="Library\SoundManeger.cpp">
      <Filter>ライブラリ ファイル</Filter>
    </ClCompile>
    <ClCompile Include="ButtonRScrollScreen.cpp">
      <Filter>CSceneGameMain</Filter>
    </ClCompile>
    <ClCompile Include="ButtonDataSelect.cpp">
      <Filter>ソース ファイル</Filter>
    </ClCompile>
    <ClCompile Include="CObjGimmickObject.cpp">
      <Filter>CSceneGameMain</Filter>
    </ClCompile>
    <ClCompile Include="CObjGimmickManager.cpp">
      <Filter>CSceneGameMain</Filter>
    </ClCompile>
    <ClCompile Include="Library\Gimmick.cpp">
      <Filter>ライブラリ ファイル</Filter>
    </ClCompile>
    <ClCompile Include="Library\TextManager.cpp">
      <Filter>ライブラリ ファイル</Filter>
    </ClCompile>
    <ClCompile Include="GimmckTest.cpp">
      <Filter>テスト ファイル</Filter>
    </ClCompile>
    <ClCompile Include="Library\CSavedateManeger.cpp">
      <Filter>ライブラリ ファイル</Filter>
    </ClCompile>
    <ClCompile Include="Library\CTalkOverlay.cpp">
      <Filter>ライブラリ ファイル</Filter>
    </ClCompile>
    <ClCompile Include="GimmickKatsuo.cpp">
      <Filter>CSceneGameMain\MelueruStageGimmick</Filter>
    </ClCompile>
    <ClCompile Include="GimmickDoor.cpp">
      <Filter>CSceneGameMain\MelueruStageGimmick</Filter>
    </ClCompile>
  </ItemGroup>
  <ItemGroup>
    <ClInclude Include="Library\Audio.h">
      <Filter>ライブラリ ファイル</Filter>
    </ClInclude>
    <ClInclude Include="Library\DirectXDevice.h">
      <Filter>ライブラリ ファイル</Filter>
    </ClInclude>
    <ClInclude Include="Library\DrawFont.h">
      <Filter>ライブラリ ファイル</Filter>
    </ClInclude>
    <ClInclude Include="Library\DrawTexture.h">
      <Filter>ライブラリ ファイル</Filter>
    </ClInclude>
    <ClInclude Include="Library\HitBoxManager.h">
      <Filter>ライブラリ ファイル</Filter>
    </ClInclude>
    <ClInclude Include="Library\Library.h">
      <Filter>ライブラリ ファイル</Filter>
    </ClInclude>
    <ClInclude Include="Library\SceneManager.h">
      <Filter>ライブラリ ファイル</Filter>
    </ClInclude>
    <ClInclude Include="Library\SceneObjManager.h">
      <Filter>ライブラリ ファイル</Filter>
    </ClInclude>
    <ClInclude Include="Library\Trace.h">
      <Filter>ライブラリ ファイル</Filter>
    </ClInclude>
    <ClInclude Include="Library\WinInputs.h">
      <Filter>ライブラリ ファイル</Filter>
    </ClInclude>
    <ClInclude Include="main.h">
      <Filter>ヘッダー ファイル</Filter>
    </ClInclude>
    <ClInclude Include="CObjPlayer.h">
      <Filter>CSceneGameMain</Filter>
    </ClInclude>
    <ClInclude Include="CSceneGameMain.h">
      <Filter>CSceneGameMain</Filter>
    </ClInclude>
    <ClInclude Include="Library\Button.h">
      <Filter>ライブラリ ファイル</Filter>
    </ClInclude>
    <ClInclude Include="Library\CObjTest.h">
      <Filter>テスト ファイル</Filter>
    </ClInclude>
    <ClInclude Include="CSceneTitle.h">
      <Filter>CSceneTitle</Filter>
    </ClInclude>
    <ClInclude Include="CSceneDataSelect.h">
      <Filter>CSceneDataSelect</Filter>
    </ClInclude>
    <ClInclude Include="CSceneStageSelect.h">
      <Filter>CSceneStageSelect</Filter>
    </ClInclude>
    <ClInclude Include="CObjTitle.h">
      <Filter>CSceneTitle</Filter>
    </ClInclude>
    <ClInclude Include="CObjDataSelect.h">
      <Filter>CSceneDataSelect</Filter>
    </ClInclude>
    <ClInclude Include="CObjMenuTab.h">
      <Filter>CSceneStageSelect</Filter>
    </ClInclude>
    <ClInclude Include="ButtonLScrollScreen.h">
      <Filter>CSceneGameMain</Filter>
    </ClInclude>
    <ClInclude Include="Library\SoundManeger.h">
      <Filter>ライブラリ ファイル</Filter>
    </ClInclude>
    <ClInclude Include="ButtonRScrollScreen.h">
      <Filter>CSceneGameMain</Filter>
    </ClInclude>
    <ClInclude Include="ButtonDataSelect.h">
      <Filter>ヘッダー ファイル</Filter>
    </ClInclude>
    <ClInclude Include="CObjGimmickObject.h">
      <Filter>CSceneGameMain</Filter>
    </ClInclude>
    <ClInclude Include="CObjStageTab.h">
      <Filter>CSceneStageSelect</Filter>
    </ClInclude>
    <ClInclude Include="resource.h">
      <Filter>ヘッダー ファイル</Filter>
    </ClInclude>
    <ClInclude Include="CObjGimmickManager.h">
      <Filter>CSceneGameMain</Filter>
    </ClInclude>
    <ClInclude Include="Library\Gimmick.h">
      <Filter>ライブラリ ファイル</Filter>
    </ClInclude>
    <ClInclude Include="Library\TextManager.h">
      <Filter>ライブラリ ファイル</Filter>
    </ClInclude>
    <ClInclude Include="GimmckTest.h">
      <Filter>テスト ファイル</Filter>
    </ClInclude>
    <ClInclude Include="Library\CSavedateManeger.h">
      <Filter>ライブラリ ファイル</Filter>
    </ClInclude>
    <ClInclude Include="Library\CSavedata.h">
      <Filter>ライブラリ ファイル</Filter>
    </ClInclude>
    <ClInclude Include="Library\CTalkOverlay.h">
      <Filter>ライブラリ ファイル</Filter>
    </ClInclude>
    <ClInclude Include="GimmickKatsuo.h">
      <Filter>CSceneGameMain\MelueruStageGimmick</Filter>
    </ClInclude>
    <ClInclude Include="GimmickDoor.h">
      <Filter>CSceneGameMain\MelueruStageGimmick</Filter>
    </ClInclude>
  </ItemGroup>
  <ItemGroup>
    <FxCompile Include="Library\Draw2DTex.hlsl">
      <Filter>ライブラリ ファイル</Filter>
    </FxCompile>
  </ItemGroup>
  <ItemGroup>
    <ResourceCompile Include="GA3Team.rc">
      <Filter>リソース ファイル</Filter>
    </ResourceCompile>
  </ItemGroup>
</Project>